<?xml version="1.0" encoding="utf-8"?>
<Project ToolsVersion="4.0" xmlns="http://schemas.microsoft.com/developer/msbuild/2003">
  <ItemGroup>
    <Filter Include="00.Maingame">
      <UniqueIdentifier>{9b3e8220-3cfd-4523-a67a-34b5cfc94dc2}</UniqueIdentifier>
    </Filter>
    <Filter Include="01.GameObject">
      <UniqueIdentifier>{ac57f84f-9707-4205-8c52-1a5d4c0a5060}</UniqueIdentifier>
    </Filter>
    <Filter Include="99.Default">
      <UniqueIdentifier>{4463f1e3-6fb2-4ee1-ae93-e7a2190d9596}</UniqueIdentifier>
    </Filter>
    <Filter Include="02.Scene">
      <UniqueIdentifier>{8cce8fe6-4167-4164-b15d-d0b799d9d9ba}</UniqueIdentifier>
    </Filter>
    <Filter Include="02.Scene\01.Stage">
      <UniqueIdentifier>{c12790cc-75ea-415f-a7a3-e4b6a5cfa6c1}</UniqueIdentifier>
    </Filter>
    <Filter Include="01.GameObject\00.Map">
      <UniqueIdentifier>{86b96966-ab26-484d-bbfb-c5014cff3dbc}</UniqueIdentifier>
    </Filter>
    <Filter Include="01.GameObject\01.UI">
      <UniqueIdentifier>{5db58d16-cb25-48de-b96b-7ad216ffa0a6}</UniqueIdentifier>
    </Filter>
    <Filter Include="01.GameObject\02.Unit">
      <UniqueIdentifier>{0b66f11b-35f5-4d0e-a4dc-0e5740973d7d}</UniqueIdentifier>
    </Filter>
    <Filter Include="01.GameObject\99.Animation">
      <UniqueIdentifier>{1e43294a-3e8b-4b93-85fe-140ef957fded}</UniqueIdentifier>
    </Filter>
    <Filter Include="01.GameObject\01.UI\00.Mouse">
      <UniqueIdentifier>{5b5cf041-6582-4eb4-a8d3-c15e56df7c77}</UniqueIdentifier>
    </Filter>
    <Filter Include="01.GameObject\01.UI\01.Status">
      <UniqueIdentifier>{1ce291e2-d973-44ac-ae03-350e6acb638c}</UniqueIdentifier>
    </Filter>
    <Filter Include="01.GameObject\01.UI\02.Minimap">
      <UniqueIdentifier>{d7660cae-5f1d-421f-94c3-b197e7a75dac}</UniqueIdentifier>
    </Filter>
    <Filter Include="01.GameObject\01.UI\03.Gear">
      <UniqueIdentifier>{057cbf25-1ac9-4472-be28-19f79692e719}</UniqueIdentifier>
    </Filter>
    <Filter Include="01.GameObject\01.UI\04.Portal">
      <UniqueIdentifier>{fcf2bee8-442b-4532-af80-8e33fd376948}</UniqueIdentifier>
    </Filter>
    <Filter Include="01.GameObject\01.UI\04.Portal\00.Red">
      <UniqueIdentifier>{8a12dc0e-6e61-49d9-b984-e4db4cd3562e}</UniqueIdentifier>
    </Filter>
    <Filter Include="01.GameObject\01.UI\04.Portal\01.Blue">
      <UniqueIdentifier>{c76459e7-8872-43fe-87a2-a6c12520d544}</UniqueIdentifier>
    </Filter>
    <Filter Include="01.GameObject\01.UI\04.Portal\02.Jungle">
      <UniqueIdentifier>{0e4722a7-8615-43a8-8ee7-f6e196e7835f}</UniqueIdentifier>
    </Filter>
    <Filter Include="01.GameObject\01.UI\04.Portal\03.Heal">
      <UniqueIdentifier>{9e934ded-5698-4668-b1ae-98ccc786ee03}</UniqueIdentifier>
    </Filter>
    <Filter Include="01.GameObject\01.UI\05.Right">
      <UniqueIdentifier>{6ca077ff-ad6a-47df-b6df-e0f3bb4bbad8}</UniqueIdentifier>
    </Filter>
    <Filter Include="01.GameObject\01.UI\06.Door">
      <UniqueIdentifier>{8305fa92-ae82-4e24-ad1a-b1cd3a02ffb0}</UniqueIdentifier>
    </Filter>
    <Filter Include="01.GameObject\01.UI\07.JungleDeco">
      <UniqueIdentifier>{57d09250-9e34-4a52-823f-10bb9c4b1dc7}</UniqueIdentifier>
    </Filter>
    <Filter Include="01.GameObject\01.UI\08.Light">
      <UniqueIdentifier>{bd8b7007-d76e-4545-8029-4a0c9f2ccc3a}</UniqueIdentifier>
    </Filter>
    <Filter Include="01.GameObject\01.UI\08.Light\00.RedLight">
      <UniqueIdentifier>{4722ead8-e36d-4b75-9854-c0d205806c43}</UniqueIdentifier>
    </Filter>
    <Filter Include="01.GameObject\01.UI\08.Light\01.BlueLight">
      <UniqueIdentifier>{4706a086-3986-437c-8c5d-c4dbf07524de}</UniqueIdentifier>
    </Filter>
    <Filter Include="01.GameObject\01.UI\08.Light\02.CenterLight">
      <UniqueIdentifier>{71213ff0-3155-4fe3-a8f0-574ebecef87a}</UniqueIdentifier>
    </Filter>
    <Filter Include="01.GameObject\01.UI\09.Bar">
      <UniqueIdentifier>{4b199fc5-32c4-4f02-a949-6a58dbc74975}</UniqueIdentifier>
    </Filter>
    <Filter Include="01.GameObject\01.UI\10.Bush">
      <UniqueIdentifier>{c016d2a7-0776-464f-a298-1f421ee0529d}</UniqueIdentifier>
    </Filter>
    <Filter Include="01.GameObject\01.UI\10.Bush\00.BushDown">
      <UniqueIdentifier>{a3518575-972d-42be-a024-398ba9e42f1e}</UniqueIdentifier>
    </Filter>
    <Filter Include="01.GameObject\01.UI\10.Bush\01.BushCenter">
      <UniqueIdentifier>{76611c7a-b9da-4946-b74e-a27f70461e46}</UniqueIdentifier>
    </Filter>
    <Filter Include="01.GameObject\02.Unit\00.Hero">
      <UniqueIdentifier>{a65e5f6e-bb3c-4101-ae8e-1acd0f988d8c}</UniqueIdentifier>
    </Filter>
    <Filter Include="01.GameObject\02.Unit\01.Minion">
      <UniqueIdentifier>{0576166c-ffd1-4347-bbe4-e6665aeeb71d}</UniqueIdentifier>
    </Filter>
    <Filter Include="01.GameObject\01.UI\11.Item">
      <UniqueIdentifier>{0127216d-d27f-4152-a92c-7cf13624f3da}</UniqueIdentifier>
    </Filter>
    <Filter Include="02.Scene\00.Logo">
      <UniqueIdentifier>{59e2627b-a573-43d5-baae-0e326dac669a}</UniqueIdentifier>
    </Filter>
    <Filter Include="01.GameObject\00.Map\00.Space">
      <UniqueIdentifier>{2c50b664-b38e-4d86-a2fd-d749def0a42c}</UniqueIdentifier>
    </Filter>
    <Filter Include="01.GameObject\00.Map\01.MyMap">
      <UniqueIdentifier>{5fb8982e-6b30-4484-9d74-3b3614cfb99c}</UniqueIdentifier>
    </Filter>
    <Filter Include="01.GameObject\01.UI\12.MoveTile">
      <UniqueIdentifier>{1843c2e3-1357-465f-8140-99b8e04ff1a0}</UniqueIdentifier>
    </Filter>
    <Filter Include="01.GameObject\01.UI\13.Egg">
      <UniqueIdentifier>{33ffd78a-6d82-4b41-928c-cbb2d7c405e7}</UniqueIdentifier>
    </Filter>
    <Filter Include="01.GameObject\01.UI\14.Booster">
      <UniqueIdentifier>{48ee4e16-9879-44d1-b069-58bbeb5783f2}</UniqueIdentifier>
    </Filter>
    <Filter Include="01.GameObject\02.Unit\00.Hero\99.Tower">
      <UniqueIdentifier>{abe00c47-9b18-46c4-8876-24d8867735a8}</UniqueIdentifier>
    </Filter>
    <Filter Include="01.GameObject\04.Skill">
      <UniqueIdentifier>{43268b6a-e43e-4890-bddf-cd80f2643595}</UniqueIdentifier>
    </Filter>
    <Filter Include="01.GameObject\02.Unit\99.Element">
      <UniqueIdentifier>{16d5401a-6994-4739-a65a-c2419a1719ca}</UniqueIdentifier>
    </Filter>
    <Filter Include="01.GameObject\01.UI\15.Hurt">
      <UniqueIdentifier>{98806518-4823-4af3-b94d-1ef57ad0d6d4}</UniqueIdentifier>
    </Filter>
    <Filter Include="98.Managers">
      <UniqueIdentifier>{0b940487-3f2f-4218-a5a2-54cdc4354bf0}</UniqueIdentifier>
    </Filter>
    <Filter Include="98.Managers\00.DeviceMgr">
      <UniqueIdentifier>{f4c1ac91-83a3-4035-aaea-0b14a1f13bb3}</UniqueIdentifier>
    </Filter>
    <Filter Include="98.Managers\01.TextureMgr">
      <UniqueIdentifier>{5f2dbcba-1a62-4a10-a745-e0f0326fd254}</UniqueIdentifier>
    </Filter>
    <Filter Include="98.Managers\01.TextureMgr\00.Texture">
      <UniqueIdentifier>{ea05db9b-f7fc-43c2-93eb-0b5f88d73372}</UniqueIdentifier>
    </Filter>
    <Filter Include="98.Managers\01.TextureMgr\00.Texture\00.SingleTexture">
      <UniqueIdentifier>{0e2f9c97-305e-48f0-b95a-98abaf8d1086}</UniqueIdentifier>
    </Filter>
    <Filter Include="98.Managers\01.TextureMgr\00.Texture\01.MultiTexture">
      <UniqueIdentifier>{3493dfec-eca7-41fc-8d62-fa452dfff2b5}</UniqueIdentifier>
    </Filter>
    <Filter Include="98.Managers\02.ObjectMgr">
      <UniqueIdentifier>{07e0d9b3-5390-46a5-b644-fe3642b4f444}</UniqueIdentifier>
    </Filter>
    <Filter Include="98.Managers\04.ScrollMgr">
      <UniqueIdentifier>{ebbdeccc-1894-4e9f-98c7-0bec0ee2318e}</UniqueIdentifier>
    </Filter>
    <Filter Include="98.Managers\05.TimeMgr">
      <UniqueIdentifier>{75a4e8de-24d1-4e4b-8c50-bc954826897d}</UniqueIdentifier>
    </Filter>
    <Filter Include="98.Managers\06.FrameMgr">
      <UniqueIdentifier>{ec171537-40c3-4eaa-a048-b2f1cdd1f098}</UniqueIdentifier>
    </Filter>
    <Filter Include="98.Managers\07.CollisionMgr">
      <UniqueIdentifier>{44c67886-aed1-47d0-9c8c-239fd8daa642}</UniqueIdentifier>
    </Filter>
    <Filter Include="98.Managers\08.KeyMgr">
      <UniqueIdentifier>{a0fbebb4-9b9f-4b19-9057-4c6c00ecc8fb}</UniqueIdentifier>
    </Filter>
    <Filter Include="98.Managers\09.SoundMgr">
      <UniqueIdentifier>{109e6978-a334-470d-83f0-b86fda4bd72c}</UniqueIdentifier>
    </Filter>
    <Filter Include="98.Managers\03.SceneMgr">
      <UniqueIdentifier>{796f5e69-edcb-4b1a-8bfd-de2f2c904c37}</UniqueIdentifier>
    </Filter>
    <Filter Include="98.Managers\10.ObjectPool">
      <UniqueIdentifier>{cadb171c-052b-4575-8526-ef461d7e316e}</UniqueIdentifier>
    </Filter>
    <Filter Include="98.Managers\11.AstarMgr">
      <UniqueIdentifier>{28b63d9c-2035-4f46-afb1-71dd71b87022}</UniqueIdentifier>
    </Filter>
    <Filter Include="01.GameObject\02.Unit\01.Minion\00.Goblin">
      <UniqueIdentifier>{39a875bc-d4ef-45b1-b144-f4f0d7f3da09}</UniqueIdentifier>
    </Filter>
    <Filter Include="01.GameObject\02.Unit\00.Hero\00.Red">
      <UniqueIdentifier>{e6ffea83-d0d0-4814-9104-8f878e6d798e}</UniqueIdentifier>
    </Filter>
    <Filter Include="01.GameObject\02.Unit\00.Hero\01.Blue">
      <UniqueIdentifier>{aada18f5-883d-4f67-85b0-3f630b3cf481}</UniqueIdentifier>
    </Filter>
    <Filter Include="01.GameObject\02.Unit\00.Hero\01.Blue\00.Saver">
      <UniqueIdentifier>{e3b44ef3-411b-4c5d-adf6-1d5166d58e55}</UniqueIdentifier>
    </Filter>
    <Filter Include="01.GameObject\02.Unit\00.Hero\00.Red\00.Player">
      <UniqueIdentifier>{e69befee-12e5-4ef8-9e93-7d04c6de6be7}</UniqueIdentifier>
    </Filter>
    <Filter Include="01.GameObject\02.Unit\01.Minion\99.Jungle">
      <UniqueIdentifier>{a3427a64-24a2-4a3b-bac0-28f36f769914}</UniqueIdentifier>
    </Filter>
    <Filter Include="01.GameObject\02.Unit\01.Minion\99.Jungle\00.Lion">
      <UniqueIdentifier>{6abac73a-cfb2-4e84-9dec-1f1d075dc5fb}</UniqueIdentifier>
    </Filter>
    <Filter Include="01.GameObject\01.UI\16.MyTable">
      <UniqueIdentifier>{41e63b7e-9884-47ff-a6af-4e5b480eb3fb}</UniqueIdentifier>
    </Filter>
    <Filter Include="01.GameObject\00.Map\02.SpaceEnding">
      <UniqueIdentifier>{159a4518-c387-4427-ae1b-334136750cf1}</UniqueIdentifier>
    </Filter>
    <Filter Include="01.GameObject\02.Unit\01.Minion\01.Shark">
      <UniqueIdentifier>{ab391779-0130-4ca2-b52a-d912ac28cd2b}</UniqueIdentifier>
    </Filter>
    <Filter Include="01.GameObject\02.Unit\01.Minion\02.Yeti">
      <UniqueIdentifier>{eb4a7ab9-f38f-4a3f-bd4a-5717dd0d0a7b}</UniqueIdentifier>
    </Filter>
    <Filter Include="01.GameObject\02.Unit\01.Minion\03.StormBreaker">
      <UniqueIdentifier>{393a362d-2751-4e29-844e-30791e8ae089}</UniqueIdentifier>
    </Filter>
  </ItemGroup>
  <ItemGroup>
    <ClInclude Include="Client.h">
      <Filter>99.Default</Filter>
    </ClInclude>
    <ClInclude Include="Resource.h">
      <Filter>99.Default</Filter>
    </ClInclude>
    <ClInclude Include="stdafx.h">
      <Filter>99.Default</Filter>
    </ClInclude>
    <ClInclude Include="targetver.h">
      <Filter>99.Default</Filter>
    </ClInclude>
    <ClInclude Include="DeviceMgr.h">
      <Filter>98.Managers\00.DeviceMgr</Filter>
    </ClInclude>
    <ClInclude Include="MultiTexture.h">
      <Filter>98.Managers\01.TextureMgr\00.Texture\01.MultiTexture</Filter>
    </ClInclude>
    <ClInclude Include="SingleTexture.h">
      <Filter>98.Managers\01.TextureMgr\00.Texture\00.SingleTexture</Filter>
    </ClInclude>
    <ClInclude Include="TextureMgr.h">
      <Filter>98.Managers\01.TextureMgr</Filter>
    </ClInclude>
    <ClInclude Include="Texture.h">
      <Filter>98.Managers\01.TextureMgr\00.Texture</Filter>
    </ClInclude>
    <ClInclude Include="Maingame.h">
      <Filter>00.Maingame</Filter>
    </ClInclude>
    <ClInclude Include="GameObject.h">
      <Filter>01.GameObject</Filter>
    </ClInclude>
    <ClInclude Include="ObjectMgr.h">
      <Filter>98.Managers\02.ObjectMgr</Filter>
    </ClInclude>
    <ClInclude Include="Scene.h">
      <Filter>02.Scene</Filter>
    </ClInclude>
    <ClInclude Include="Stage.h">
      <Filter>02.Scene\01.Stage</Filter>
    </ClInclude>
    <ClInclude Include="SceneMgr.h">
      <Filter>98.Managers\03.SceneMgr</Filter>
    </ClInclude>
    <ClInclude Include="ScrollMgr.h">
      <Filter>98.Managers\04.ScrollMgr</Filter>
    </ClInclude>
    <ClInclude Include="TimeMgr.h">
      <Filter>98.Managers\05.TimeMgr</Filter>
    </ClInclude>
    <ClInclude Include="FrameMgr.h">
      <Filter>98.Managers\06.FrameMgr</Filter>
    </ClInclude>
    <ClInclude Include="KeyMgr.h">
      <Filter>98.Managers\08.KeyMgr</Filter>
    </ClInclude>
    <ClInclude Include="SoundMgr.h">
      <Filter>98.Managers\09.SoundMgr</Filter>
    </ClInclude>
    <ClInclude Include="fmod.h">
      <Filter>99.Default</Filter>
    </ClInclude>
    <ClInclude Include="fmod.hpp">
      <Filter>99.Default</Filter>
    </ClInclude>
    <ClInclude Include="fmod_codec.h">
      <Filter>99.Default</Filter>
    </ClInclude>
    <ClInclude Include="fmod_dsp.h">
      <Filter>99.Default</Filter>
    </ClInclude>
    <ClInclude Include="fmod_errors.h">
      <Filter>99.Default</Filter>
    </ClInclude>
    <ClInclude Include="fmod_memoryinfo.h">
      <Filter>99.Default</Filter>
    </ClInclude>
    <ClInclude Include="fmod_output.h">
      <Filter>99.Default</Filter>
    </ClInclude>
    <ClInclude Include="Animation.h">
      <Filter>01.GameObject\99.Animation</Filter>
    </ClInclude>
    <ClInclude Include="Mouse.h">
      <Filter>01.GameObject\01.UI\00.Mouse</Filter>
    </ClInclude>
    <ClInclude Include="CollisionMgr.h">
      <Filter>98.Managers\07.CollisionMgr</Filter>
    </ClInclude>
    <ClInclude Include="Minimap.h">
      <Filter>01.GameObject\01.UI\02.Minimap</Filter>
    </ClInclude>
    <ClInclude Include="Status.h">
      <Filter>01.GameObject\01.UI\01.Status</Filter>
    </ClInclude>
    <ClInclude Include="Gear.h">
      <Filter>01.GameObject\01.UI\03.Gear</Filter>
    </ClInclude>
    <ClInclude Include="RedPortal.h">
      <Filter>01.GameObject\01.UI\04.Portal\00.Red</Filter>
    </ClInclude>
    <ClInclude Include="BluePortal.h">
      <Filter>01.GameObject\01.UI\04.Portal\01.Blue</Filter>
    </ClInclude>
    <ClInclude Include="HealPortal.h">
      <Filter>01.GameObject\01.UI\04.Portal\03.Heal</Filter>
    </ClInclude>
    <ClInclude Include="JunglePortal.h">
      <Filter>01.GameObject\01.UI\04.Portal\02.Jungle</Filter>
    </ClInclude>
    <ClInclude Include="Right.h">
      <Filter>01.GameObject\01.UI\05.Right</Filter>
    </ClInclude>
    <ClInclude Include="Door.h">
      <Filter>01.GameObject\01.UI\06.Door</Filter>
    </ClInclude>
    <ClInclude Include="JungleDeco.h">
      <Filter>01.GameObject\01.UI\07.JungleDeco</Filter>
    </ClInclude>
    <ClInclude Include="RedLight.h">
      <Filter>01.GameObject\01.UI\08.Light\00.RedLight</Filter>
    </ClInclude>
    <ClInclude Include="CenterLight.h">
      <Filter>01.GameObject\01.UI\08.Light\02.CenterLight</Filter>
    </ClInclude>
    <ClInclude Include="BlueLight.h">
      <Filter>01.GameObject\01.UI\08.Light\01.BlueLight</Filter>
    </ClInclude>
    <ClInclude Include="Bar.h">
      <Filter>01.GameObject\01.UI\09.Bar</Filter>
    </ClInclude>
    <ClInclude Include="BushDown.h">
      <Filter>01.GameObject\01.UI\10.Bush\00.BushDown</Filter>
    </ClInclude>
    <ClInclude Include="BushCenter.h">
      <Filter>01.GameObject\01.UI\10.Bush\01.BushCenter</Filter>
    </ClInclude>
    <ClInclude Include="Hero.h">
      <Filter>01.GameObject\02.Unit\00.Hero</Filter>
    </ClInclude>
    <ClInclude Include="Minion.h">
      <Filter>01.GameObject\02.Unit\01.Minion</Filter>
    </ClInclude>
    <ClInclude Include="Unit.h">
      <Filter>01.GameObject\02.Unit</Filter>
    </ClInclude>
    <ClInclude Include="MoveTile.h">
      <Filter>01.GameObject\01.UI\12.MoveTile</Filter>
    </ClInclude>
    <ClInclude Include="ItemMgr.h">
      <Filter>98.Managers\10.ObjectPool</Filter>
    </ClInclude>
    <ClInclude Include="Item.h">
      <Filter>01.GameObject\01.UI\11.Item</Filter>
    </ClInclude>
    <ClInclude Include="Logo.h">
      <Filter>02.Scene\00.Logo</Filter>
    </ClInclude>
    <ClInclude Include="MyMap.h">
      <Filter>01.GameObject\00.Map\01.MyMap</Filter>
    </ClInclude>
    <ClInclude Include="Space.h">
      <Filter>01.GameObject\00.Map\00.Space</Filter>
    </ClInclude>
    <ClInclude Include="Egg.h">
      <Filter>01.GameObject\01.UI\13.Egg</Filter>
    </ClInclude>
    <ClInclude Include="Booster.h">
      <Filter>01.GameObject\01.UI\14.Booster</Filter>
    </ClInclude>
    <ClInclude Include="Tower.h">
      <Filter>01.GameObject\02.Unit\00.Hero\99.Tower</Filter>
    </ClInclude>
    <ClInclude Include="Element.h">
      <Filter>01.GameObject\02.Unit\99.Element</Filter>
    </ClInclude>
    <ClInclude Include="Hurt.h">
      <Filter>01.GameObject\01.UI\15.Hurt</Filter>
    </ClInclude>
    <ClInclude Include="AstarMgr.h">
      <Filter>98.Managers\11.AstarMgr</Filter>
    </ClInclude>
    <ClInclude Include="Goblin.h">
      <Filter>01.GameObject\02.Unit\01.Minion\00.Goblin</Filter>
    </ClInclude>
    <ClInclude Include="Shark.h">
      <Filter>01.GameObject\02.Unit\01.Minion\01.Shark</Filter>
    </ClInclude>
    <ClInclude Include="Yeti.h">
      <Filter>01.GameObject\02.Unit\01.Minion\02.Yeti</Filter>
    </ClInclude>
    <ClInclude Include="Saver.h">
      <Filter>01.GameObject\02.Unit\00.Hero\01.Blue\00.Saver</Filter>
    </ClInclude>
    <ClInclude Include="Player.h">
      <Filter>01.GameObject\02.Unit\00.Hero\00.Red\00.Player</Filter>
    </ClInclude>
    <ClInclude Include="StormBreaker.h">
      <Filter>01.GameObject\02.Unit\01.Minion\03.StormBreaker</Filter>
    </ClInclude>
    <ClInclude Include="Lion.h">
      <Filter>01.GameObject\02.Unit\01.Minion\99.Jungle\00.Lion</Filter>
    </ClInclude>
    <ClInclude Include="MyTable.h">
      <Filter>01.GameObject\01.UI\16.MyTable</Filter>
    </ClInclude>
    <ClInclude Include="SpaceEnding.h">
      <Filter>01.GameObject\00.Map\02.SpaceEnding</Filter>
    </ClInclude>
  </ItemGroup>
  <ItemGroup>
    <ClCompile Include="Client.cpp">
      <Filter>99.Default</Filter>
    </ClCompile>
    <ClCompile Include="stdafx.cpp">
      <Filter>99.Default</Filter>
    </ClCompile>
    <ClCompile Include="DeviceMgr.cpp">
      <Filter>98.Managers\00.DeviceMgr</Filter>
    </ClCompile>
    <ClCompile Include="MultiTexture.cpp">
      <Filter>98.Managers\01.TextureMgr\00.Texture\01.MultiTexture</Filter>
    </ClCompile>
    <ClCompile Include="SingleTexture.cpp">
      <Filter>98.Managers\01.TextureMgr\00.Texture\00.SingleTexture</Filter>
    </ClCompile>
    <ClCompile Include="TextureMgr.cpp">
      <Filter>98.Managers\01.TextureMgr</Filter>
    </ClCompile>
    <ClCompile Include="Texture.cpp">
      <Filter>98.Managers\01.TextureMgr\00.Texture</Filter>
    </ClCompile>
    <ClCompile Include="Maingame.cpp">
      <Filter>00.Maingame</Filter>
    </ClCompile>
    <ClCompile Include="GameObject.cpp">
      <Filter>01.GameObject</Filter>
    </ClCompile>
    <ClCompile Include="ObjectMgr.cpp">
      <Filter>98.Managers\02.ObjectMgr</Filter>
    </ClCompile>
    <ClCompile Include="Scene.cpp">
      <Filter>02.Scene</Filter>
    </ClCompile>
    <ClCompile Include="Stage.cpp">
      <Filter>02.Scene\01.Stage</Filter>
    </ClCompile>
    <ClCompile Include="SceneMgr.cpp">
      <Filter>98.Managers\03.SceneMgr</Filter>
    </ClCompile>
    <ClCompile Include="ScrollMgr.cpp">
      <Filter>98.Managers\04.ScrollMgr</Filter>
    </ClCompile>
    <ClCompile Include="TimeMgr.cpp">
      <Filter>98.Managers\05.TimeMgr</Filter>
    </ClCompile>
    <ClCompile Include="FrameMgr.cpp">
      <Filter>98.Managers\06.FrameMgr</Filter>
    </ClCompile>
    <ClCompile Include="KeyMgr.cpp">
      <Filter>98.Managers\08.KeyMgr</Filter>
    </ClCompile>
    <ClCompile Include="SoundMgr.cpp">
      <Filter>98.Managers\09.SoundMgr</Filter>
    </ClCompile>
    <ClCompile Include="Animation.cpp">
      <Filter>01.GameObject\99.Animation</Filter>
    </ClCompile>
    <ClCompile Include="Mouse.cpp">
      <Filter>01.GameObject\01.UI\00.Mouse</Filter>
    </ClCompile>
    <ClCompile Include="CollisionMgr.cpp">
      <Filter>98.Managers\07.CollisionMgr</Filter>
    </ClCompile>
    <ClCompile Include="Minimap.cpp">
      <Filter>01.GameObject\01.UI\02.Minimap</Filter>
    </ClCompile>
    <ClCompile Include="Status.cpp">
      <Filter>01.GameObject\01.UI\01.Status</Filter>
    </ClCompile>
    <ClCompile Include="Gear.cpp">
      <Filter>01.GameObject\01.UI\03.Gear</Filter>
    </ClCompile>
    <ClCompile Include="RedPortal.cpp">
      <Filter>01.GameObject\01.UI\04.Portal\00.Red</Filter>
    </ClCompile>
    <ClCompile Include="BluePortal.cpp">
      <Filter>01.GameObject\01.UI\04.Portal\01.Blue</Filter>
    </ClCompile>
    <ClCompile Include="HealPortal.cpp">
      <Filter>01.GameObject\01.UI\04.Portal\03.Heal</Filter>
    </ClCompile>
    <ClCompile Include="JunglePortal.cpp">
      <Filter>01.GameObject\01.UI\04.Portal\02.Jungle</Filter>
    </ClCompile>
    <ClCompile Include="Right.cpp">
      <Filter>01.GameObject\01.UI\05.Right</Filter>
    </ClCompile>
    <ClCompile Include="Door.cpp">
      <Filter>01.GameObject\01.UI\06.Door</Filter>
    </ClCompile>
    <ClCompile Include="JungleDeco.cpp">
      <Filter>01.GameObject\01.UI\07.JungleDeco</Filter>
    </ClCompile>
    <ClCompile Include="RedLight.cpp">
      <Filter>01.GameObject\01.UI\08.Light\00.RedLight</Filter>
    </ClCompile>
    <ClCompile Include="CenterLight.cpp">
      <Filter>01.GameObject\01.UI\08.Light\02.CenterLight</Filter>
    </ClCompile>
    <ClCompile Include="BlueLight.cpp">
      <Filter>01.GameObject\01.UI\08.Light\01.BlueLight</Filter>
    </ClCompile>
    <ClCompile Include="Bar.cpp">
      <Filter>01.GameObject\01.UI\09.Bar</Filter>
    </ClCompile>
    <ClCompile Include="BushDown.cpp">
      <Filter>01.GameObject\01.UI\10.Bush\00.BushDown</Filter>
    </ClCompile>
    <ClCompile Include="BushCenter.cpp">
      <Filter>01.GameObject\01.UI\10.Bush\01.BushCenter</Filter>
    </ClCompile>
    <ClCompile Include="Hero.cpp">
      <Filter>01.GameObject\02.Unit\00.Hero</Filter>
    </ClCompile>
    <ClCompile Include="Minion.cpp">
      <Filter>01.GameObject\02.Unit\01.Minion</Filter>
    </ClCompile>
    <ClCompile Include="Unit.cpp">
      <Filter>01.GameObject\02.Unit</Filter>
    </ClCompile>
    <ClCompile Include="MoveTile.cpp">
      <Filter>01.GameObject\01.UI\12.MoveTile</Filter>
    </ClCompile>
    <ClCompile Include="ItemMgr.cpp">
      <Filter>98.Managers\10.ObjectPool</Filter>
    </ClCompile>
    <ClCompile Include="Item.cpp">
      <Filter>01.GameObject\01.UI\11.Item</Filter>
    </ClCompile>
    <ClCompile Include="Logo.cpp">
      <Filter>02.Scene\00.Logo</Filter>
    </ClCompile>
    <ClCompile Include="MyMap.cpp">
      <Filter>01.GameObject\00.Map\01.MyMap</Filter>
    </ClCompile>
    <ClCompile Include="Space.cpp">
      <Filter>01.GameObject\00.Map\00.Space</Filter>
    </ClCompile>
    <ClCompile Include="Egg.cpp">
      <Filter>01.GameObject\01.UI\13.Egg</Filter>
    </ClCompile>
    <ClCompile Include="Booster.cpp">
      <Filter>01.GameObject\01.UI\14.Booster</Filter>
    </ClCompile>
    <ClCompile Include="Tower.cpp">
      <Filter>01.GameObject\02.Unit\00.Hero\99.Tower</Filter>
    </ClCompile>
    <ClCompile Include="Element.cpp">
      <Filter>01.GameObject\02.Unit\99.Element</Filter>
    </ClCompile>
    <ClCompile Include="Hurt.cpp">
      <Filter>01.GameObject\01.UI\15.Hurt</Filter>
    </ClCompile>
    <ClCompile Include="AstarMgr.cpp">
      <Filter>98.Managers\11.AstarMgr</Filter>
    </ClCompile>
    <ClCompile Include="Goblin.cpp">
      <Filter>01.GameObject\02.Unit\01.Minion\00.Goblin</Filter>
    </ClCompile>
    <ClCompile Include="Shark.cpp">
      <Filter>01.GameObject\02.Unit\01.Minion\01.Shark</Filter>
    </ClCompile>
    <ClCompile Include="Yeti.cpp">
      <Filter>01.GameObject\02.Unit\01.Minion\02.Yeti</Filter>
    </ClCompile>
    <ClCompile Include="Saver.cpp">
      <Filter>01.GameObject\02.Unit\00.Hero\01.Blue\00.Saver</Filter>
    </ClCompile>
    <ClCompile Include="Player.cpp">
      <Filter>01.GameObject\02.Unit\00.Hero\00.Red\00.Player</Filter>
    </ClCompile>
    <ClCompile Include="StormBreaker.cpp">
      <Filter>01.GameObject\02.Unit\01.Minion\03.StormBreaker</Filter>
    </ClCompile>
    <ClCompile Include="Lion.cpp">
      <Filter>01.GameObject\02.Unit\01.Minion\99.Jungle\00.Lion</Filter>
    </ClCompile>
    <ClCompile Include="MyTable.cpp">
      <Filter>01.GameObject\01.UI\16.MyTable</Filter>
    </ClCompile>
    <ClCompile Include="SpaceEnding.cpp">
      <Filter>01.GameObject\00.Map\02.SpaceEnding</Filter>
    </ClCompile>
  </ItemGroup>
  <ItemGroup>
    <Image Include="Client.ico">
      <Filter>99.Default</Filter>
    </Image>
    <Image Include="small.ico">
      <Filter>99.Default</Filter>
    </Image>
  </ItemGroup>
  <ItemGroup>
    <ResourceCompile Include="Client.rc">
      <Filter>99.Default</Filter>
    </ResourceCompile>
  </ItemGroup>
  <ItemGroup>
    <None Include="fmodexL.dll">
      <Filter>99.Default</Filter>
    </None>
    <None Include="fmodex.dll">
      <Filter>99.Default</Filter>
    </None>
  </ItemGroup>
  <ItemGroup>
    <Library Include="fmodex_vc.lib">
      <Filter>99.Default</Filter>
    </Library>
  </ItemGroup>
</Project>