<?xml version="1.0" encoding="utf-8"?>
<Project ToolsVersion="4.0" xmlns="http://schemas.microsoft.com/developer/msbuild/2003">
  <ItemGroup>
    <Filter Include="00.MainApp">
      <UniqueIdentifier>{4a828641-e325-48e8-9ca7-b55b788639b4}</UniqueIdentifier>
    </Filter>
    <Filter Include="01.Document">
      <UniqueIdentifier>{c130c913-7c9a-474c-9518-72268f5aa6b1}</UniqueIdentifier>
    </Filter>
    <Filter Include="02.FrameWnd">
      <UniqueIdentifier>{e6ceb8dd-f083-4710-8d3c-02209446dc4c}</UniqueIdentifier>
    </Filter>
    <Filter Include="99.Default">
      <UniqueIdentifier>{aeb691a5-27d9-4e46-914b-26efad08e8ba}</UniqueIdentifier>
    </Filter>
    <Filter Include="98.Managers">
      <UniqueIdentifier>{9bc788ef-dd6e-4eb9-9012-12da26318a28}</UniqueIdentifier>
    </Filter>
    <Filter Include="98.Managers\00.DeviceMgr">
      <UniqueIdentifier>{a3c576af-0ecf-48d6-8193-fbf0b4dee89a}</UniqueIdentifier>
    </Filter>
    <Filter Include="98.Managers\01.TextureMgr">
      <UniqueIdentifier>{b965fd0c-ab2b-4c42-9b80-ab756758768f}</UniqueIdentifier>
    </Filter>
    <Filter Include="98.Managers\01.TextureMgr\00.Texture">
      <UniqueIdentifier>{2051e2f7-969e-4c98-bfd8-51516fa8ea24}</UniqueIdentifier>
    </Filter>
    <Filter Include="98.Managers\01.TextureMgr\00.Texture\00.SingleTexture">
      <UniqueIdentifier>{baa584a4-b6d4-4f14-b273-ed4466a70384}</UniqueIdentifier>
    </Filter>
    <Filter Include="98.Managers\01.TextureMgr\00.Texture\01.MultiTexture">
      <UniqueIdentifier>{cef0d425-2bcc-4b0d-a86f-1179364253a2}</UniqueIdentifier>
    </Filter>
    <Filter Include="05.Dialog">
      <UniqueIdentifier>{17b04f8f-7323-4ace-a493-1462b1280bd2}</UniqueIdentifier>
    </Filter>
    <Filter Include="04.View">
      <UniqueIdentifier>{a7eda002-caf3-44b2-bec7-dac4f9879871}</UniqueIdentifier>
    </Filter>
    <Filter Include="04.View\00.MiniView">
      <UniqueIdentifier>{509b68b4-b990-4bc9-8686-51a3d7b40c34}</UniqueIdentifier>
    </Filter>
    <Filter Include="04.View\01.FormView">
      <UniqueIdentifier>{388bc6cd-7360-47cb-adf4-d7514a56b390}</UniqueIdentifier>
    </Filter>
    <Filter Include="03.GameObject">
      <UniqueIdentifier>{89d2fdae-0aa4-4c9d-8fce-95c1d8ee5763}</UniqueIdentifier>
    </Filter>
    <Filter Include="05.Dialog\00.UnitTool">
      <UniqueIdentifier>{28679c7a-ab79-45bd-b830-2a948250f08c}</UniqueIdentifier>
    </Filter>
    <Filter Include="05.Dialog\01.MapTool">
      <UniqueIdentifier>{726b008c-e2c9-4d2b-9f43-3745da6f5170}</UniqueIdentifier>
    </Filter>
    <Filter Include="06.FileInfo">
      <UniqueIdentifier>{acc17c7d-43e3-4a97-af39-74afae669423}</UniqueIdentifier>
    </Filter>
    <Filter Include="05.Dialog\02.PathExtractor">
      <UniqueIdentifier>{8e3d2882-c0b5-4d36-a4a1-2f462deabb15}</UniqueIdentifier>
    </Filter>
    <Filter Include="03.GameObject\00.Map">
      <UniqueIdentifier>{2e0a577d-68d9-42ed-b41e-965e36f98404}</UniqueIdentifier>
    </Filter>
    <Filter Include="03.GameObject\01.Gear">
      <UniqueIdentifier>{6fa49e73-3f2d-4c8a-8041-74e570b48dd1}</UniqueIdentifier>
    </Filter>
  </ItemGroup>
  <ItemGroup>
    <ClInclude Include="Tool.h">
      <Filter>00.MainApp</Filter>
    </ClInclude>
    <ClInclude Include="ToolDoc.h">
      <Filter>01.Document</Filter>
    </ClInclude>
    <ClInclude Include="ToolView.h">
      <Filter>04.View</Filter>
    </ClInclude>
    <ClInclude Include="MainFrm.h">
      <Filter>02.FrameWnd</Filter>
    </ClInclude>
    <ClInclude Include="Resource.h">
      <Filter>99.Default</Filter>
    </ClInclude>
    <ClInclude Include="stdafx.h">
      <Filter>99.Default</Filter>
    </ClInclude>
    <ClInclude Include="targetver.h">
      <Filter>99.Default</Filter>
    </ClInclude>
    <ClInclude Include="DeviceMgr.h">
      <Filter>98.Managers\00.DeviceMgr</Filter>
    </ClInclude>
    <ClInclude Include="Texture.h">
      <Filter>98.Managers\01.TextureMgr\00.Texture</Filter>
    </ClInclude>
    <ClInclude Include="SingleTexture.h">
      <Filter>98.Managers\01.TextureMgr\00.Texture\00.SingleTexture</Filter>
    </ClInclude>
    <ClInclude Include="MultiTexture.h">
      <Filter>98.Managers\01.TextureMgr\00.Texture\01.MultiTexture</Filter>
    </ClInclude>
    <ClInclude Include="TextureMgr.h">
      <Filter>98.Managers\01.TextureMgr</Filter>
    </ClInclude>
    <ClInclude Include="MiniView.h">
      <Filter>04.View\00.MiniView</Filter>
    </ClInclude>
    <ClInclude Include="MyForm.h">
      <Filter>04.View\01.FormView</Filter>
    </ClInclude>
    <ClInclude Include="UnitTool.h">
      <Filter>05.Dialog\00.UnitTool</Filter>
    </ClInclude>
    <ClInclude Include="MapTool.h">
      <Filter>05.Dialog\01.MapTool</Filter>
    </ClInclude>
    <ClInclude Include="FileInfo.h">
      <Filter>06.FileInfo</Filter>
    </ClInclude>
    <ClInclude Include="PathExtractor.h">
      <Filter>05.Dialog\02.PathExtractor</Filter>
    </ClInclude>
    <ClInclude Include="GameObject.h">
      <Filter>03.GameObject</Filter>
    </ClInclude>
    <ClInclude Include="MyMap.h">
      <Filter>03.GameObject\00.Map</Filter>
    </ClInclude>
    <ClInclude Include="Gear.h">
      <Filter>03.GameObject\01.Gear</Filter>
    </ClInclude>
  </ItemGroup>
  <ItemGroup>
    <ClCompile Include="Tool.cpp">
      <Filter>00.MainApp</Filter>
    </ClCompile>
    <ClCompile Include="ToolDoc.cpp">
      <Filter>01.Document</Filter>
    </ClCompile>
    <ClCompile Include="ToolView.cpp">
      <Filter>04.View</Filter>
    </ClCompile>
    <ClCompile Include="MainFrm.cpp">
      <Filter>02.FrameWnd</Filter>
    </ClCompile>
    <ClCompile Include="stdafx.cpp">
      <Filter>99.Default</Filter>
    </ClCompile>
    <ClCompile Include="DeviceMgr.cpp">
      <Filter>98.Managers\00.DeviceMgr</Filter>
    </ClCompile>
    <ClCompile Include="Texture.cpp">
      <Filter>98.Managers\01.TextureMgr\00.Texture</Filter>
    </ClCompile>
    <ClCompile Include="SingleTexture.cpp">
      <Filter>98.Managers\01.TextureMgr\00.Texture\00.SingleTexture</Filter>
    </ClCompile>
    <ClCompile Include="MultiTexture.cpp">
      <Filter>98.Managers\01.TextureMgr\00.Texture\01.MultiTexture</Filter>
    </ClCompile>
    <ClCompile Include="TextureMgr.cpp">
      <Filter>98.Managers\01.TextureMgr</Filter>
    </ClCompile>
    <ClCompile Include="MiniView.cpp">
      <Filter>04.View\00.MiniView</Filter>
    </ClCompile>
    <ClCompile Include="MyForm.cpp">
      <Filter>04.View\01.FormView</Filter>
    </ClCompile>
    <ClCompile Include="UnitTool.cpp">
      <Filter>05.Dialog\00.UnitTool</Filter>
    </ClCompile>
    <ClCompile Include="MapTool.cpp">
      <Filter>05.Dialog\01.MapTool</Filter>
    </ClCompile>
    <ClCompile Include="FileInfo.cpp">
      <Filter>06.FileInfo</Filter>
    </ClCompile>
    <ClCompile Include="PathExtractor.cpp">
      <Filter>05.Dialog\02.PathExtractor</Filter>
    </ClCompile>
    <ClCompile Include="GameObject.cpp">
      <Filter>03.GameObject</Filter>
    </ClCompile>
    <ClCompile Include="MyMap.cpp">
      <Filter>03.GameObject\00.Map</Filter>
    </ClCompile>
    <ClCompile Include="Gear.cpp">
      <Filter>03.GameObject\01.Gear</Filter>
    </ClCompile>
  </ItemGroup>
  <ItemGroup>
    <Image Include="res\Tool.ico">
      <Filter>99.Default</Filter>
    </Image>
    <Image Include="res\Toolbar.bmp">
      <Filter>99.Default</Filter>
    </Image>
    <Image Include="res\ToolDoc.ico">
      <Filter>99.Default</Filter>
    </Image>
  </ItemGroup>
  <ItemGroup>
    <ResourceCompile Include="Tool.rc">
      <Filter>99.Default</Filter>
    </ResourceCompile>
  </ItemGroup>
  <ItemGroup>
    <None Include="res\Tool.rc2">
      <Filter>99.Default</Filter>
    </None>
  </ItemGroup>
</Project>